
Microsoft Visual Studio Solution File, Format Version 12.00
# Visual Studio Version 17
VisualStudioVersion = 17.9.34728.123
MinimumVisualStudioVersion = 10.0.40219.1
Project("{FAE04EC0-301F-11D3-BF4B-00C04F79EFBC}") = "Finanzas_Personales_App", "Finanzas_Personales_App\Finanzas_Personales_App.csproj", "{9AB5697D-6EE9-466A-9253-B6A6C3480B28}"
EndProject
Global
	GlobalSection(SolutionConfigurationPlatforms) = preSolution
		Debug|Any CPU = Debug|Any CPU
		Release|Any CPU = Release|Any CPU
	EndGlobalSection
	GlobalSection(ProjectConfigurationPlatforms) = postSolution
		{9AB5697D-6EE9-466A-9253-B6A6C3480B28}.Debug|Any CPU.ActiveCfg = Debug|Any CPU
		{9AB5697D-6EE9-466A-9253-B6A6C3480B28}.Debug|Any CPU.Build.0 = Debug|Any CPU
		{9AB5697D-6EE9-466A-9253-B6A6C3480B28}.Release|Any CPU.ActiveCfg = Release|Any CPU
		{9AB5697D-6EE9-466A-9253-B6A6C3480B28}.Release|Any CPU.Build.0 = Release|Any CPU
	EndGlobalSection
	GlobalSection(SolutionProperties) = preSolution
		HideSolutionNode = FALSE
	EndGlobalSection
	GlobalSection(ExtensibilityGlobals) = postSolution
		SolutionGuid = {46F53908-D057-44FF-85C1-50736F2ED2EE}
	EndGlobalSection
EndGlobal
